<Solution>
  <Folder Name="/Solution Items/">
    <File Path=".env.example" />
    <File Path="docker-compose.yml" />
    <File Path="README.md" />
  </Folder>
  <Folder Name="/src/">
    <Project Path="src/RenovateDashboard.App.Tests/RenovateDashboard.App.Tests.csproj" />
    <Project Path="src/RenovateDashboard.App/RenovateDashboard.App.csproj" />
  </Folder>
</Solution>
